
Microsoft Visual Studio Solution File, Format Version 12.00
# Visual Studio Version 17
VisualStudioVersion = 17.5.002.0
MinimumVisualStudioVersion = 10.0.40219.1
Project("{2150E333-8FDC-42A3-9474-1A3956D46DE8}") = "src", "src", "{002BF629-C5FA-471B-97C1-8B4FA3FF36B8}"
EndProject
Project("{2150E333-8FDC-42A3-9474-1A3956D46DE8}") = "backend", "backend", "{C06A9277-9921-42BD-A5CB-4E2D703ECD28}"
EndProject
Project("{FAE04EC0-301F-11D3-BF4B-00C04F79EFBC}") = "Shared", "src\backend\shared\Shared.csproj", "{76E0FE11-E99B-4D6C-AC76-2EDDD92D547A}"
EndProject
Project("{2150E333-8FDC-42A3-9474-1A3956D46DE8}") = "app1-backend", "app1-backend", "{0C219E4E-037C-4B74-B2FE-1591B2A14996}"
EndProject
Project("{FAE04EC0-301F-11D3-BF4B-00C04F79EFBC}") = "base-service", "src\backend\app1-backend\base-service\base-service.csproj", "{841E1789-4DCF-4FC1-9A23-0585F4010215}"
EndProject
Project("{FAE04EC0-301F-11D3-BF4B-00C04F79EFBC}") = "decorator-service-1", "src\backend\app1-backend\decorator-service-1\decorator-service-1.csproj", "{EE71D03A-E385-4C5A-8729-EA0A8E949CE2}"
EndProject
Project("{FAE04EC0-301F-11D3-BF4B-00C04F79EFBC}") = "decorator-service-2", "src\backend\app1-backend\decorator-service-2\decorator-service-2.csproj", "{0182630C-1A41-457F-AA7A-74232E18E2BC}"
EndProject
Project("{FAE04EC0-301F-11D3-BF4B-00C04F79EFBC}") = "decorator-service-3", "src\backend\app1-backend\decorator-service-3\decorator-service-3.csproj", "{378B2EC7-2031-4D0D-9415-3CE13E03E909}"
EndProject
Project("{FAE04EC0-301F-11D3-BF4B-00C04F79EFBC}") = "decorator-service-4", "src\backend\app1-backend\decorator-service-4\decorator-service-4.csproj", "{7B0867E9-510B-48AF-9353-016FD088C88C}"
EndProject
Project("{FAE04EC0-301F-11D3-BF4B-00C04F79EFBC}") = "gateway-service", "src\backend\app1-backend\gateway-service\gateway-service.csproj", "{D8015E35-6239-45E0-A6B1-6896FC7728D5}"
EndProject
Project("{2150E333-8FDC-42A3-9474-1A3956D46DE8}") = "app3-backend", "app3-backend", "{72E4DDEC-0CE0-4A9E-83D3-02DCECC5DEFC}"
EndProject
Project("{FAE04EC0-301F-11D3-BF4B-00C04F79EFBC}") = "base-service", "src\backend\app3-backend\base-service\base-service.csproj", "{CA6374D7-7264-4EAC-9CE4-FD944A33E3C5}"
EndProject
Project("{FAE04EC0-301F-11D3-BF4B-00C04F79EFBC}") = "gateway-service", "src\backend\app3-backend\gateway-service\gateway-service.csproj", "{F1BBAD30-5833-4EF0-8D43-C3FAD2EBFC3B}"
EndProject
Project("{FAE04EC0-301F-11D3-BF4B-00C04F79EFBC}") = "decorator-service-1", "src\backend\app3-backend\decorator-service-1\decorator-service-1.csproj", "{17946537-C81F-4339-8D21-46F8E910394E}"
EndProject
Global
	GlobalSection(SolutionProperties) = preSolution
		HideSolutionNode = FALSE
	EndGlobalSection
	GlobalSection(ExtensibilityGlobals) = postSolution
		SolutionGuid = {E0C5D5B1-1D90-4693-8B0A-48FAB4F737B8}
	EndGlobalSection
	GlobalSection(SolutionConfigurationPlatforms) = preSolution
		Debug|Any CPU = Debug|Any CPU
		Debug|x64 = Debug|x64
		Debug|x86 = Debug|x86
		Release|Any CPU = Release|Any CPU
		Release|x64 = Release|x64
		Release|x86 = Release|x86
	EndGlobalSection
	GlobalSection(ProjectConfigurationPlatforms) = postSolution
		{76E0FE11-E99B-4D6C-AC76-2EDDD92D547A}.Debug|Any CPU.ActiveCfg = Debug|Any CPU
		{76E0FE11-E99B-4D6C-AC76-2EDDD92D547A}.Debug|Any CPU.Build.0 = Debug|Any CPU
		{76E0FE11-E99B-4D6C-AC76-2EDDD92D547A}.Debug|x64.ActiveCfg = Debug|Any CPU
		{76E0FE11-E99B-4D6C-AC76-2EDDD92D547A}.Debug|x64.Build.0 = Debug|Any CPU
		{76E0FE11-E99B-4D6C-AC76-2EDDD92D547A}.Debug|x86.ActiveCfg = Debug|Any CPU
		{76E0FE11-E99B-4D6C-AC76-2EDDD92D547A}.Debug|x86.Build.0 = Debug|Any CPU
		{76E0FE11-E99B-4D6C-AC76-2EDDD92D547A}.Release|Any CPU.ActiveCfg = Release|Any CPU
		{76E0FE11-E99B-4D6C-AC76-2EDDD92D547A}.Release|Any CPU.Build.0 = Release|Any CPU
		{76E0FE11-E99B-4D6C-AC76-2EDDD92D547A}.Release|x64.ActiveCfg = Release|Any CPU
		{76E0FE11-E99B-4D6C-AC76-2EDDD92D547A}.Release|x64.Build.0 = Release|Any CPU
		{76E0FE11-E99B-4D6C-AC76-2EDDD92D547A}.Release|x86.ActiveCfg = Release|Any CPU
		{76E0FE11-E99B-4D6C-AC76-2EDDD92D547A}.Release|x86.Build.0 = Release|Any CPU
		{841E1789-4DCF-4FC1-9A23-0585F4010215}.Debug|Any CPU.ActiveCfg = Debug|Any CPU
		{841E1789-4DCF-4FC1-9A23-0585F4010215}.Debug|Any CPU.Build.0 = Debug|Any CPU
		{841E1789-4DCF-4FC1-9A23-0585F4010215}.Debug|x64.ActiveCfg = Debug|Any CPU
		{841E1789-4DCF-4FC1-9A23-0585F4010215}.Debug|x64.Build.0 = Debug|Any CPU
		{841E1789-4DCF-4FC1-9A23-0585F4010215}.Debug|x86.ActiveCfg = Debug|Any CPU
		{841E1789-4DCF-4FC1-9A23-0585F4010215}.Debug|x86.Build.0 = Debug|Any CPU
		{841E1789-4DCF-4FC1-9A23-0585F4010215}.Release|Any CPU.ActiveCfg = Release|Any CPU
		{841E1789-4DCF-4FC1-9A23-0585F4010215}.Release|Any CPU.Build.0 = Release|Any CPU
		{841E1789-4DCF-4FC1-9A23-0585F4010215}.Release|x64.ActiveCfg = Release|Any CPU
		{841E1789-4DCF-4FC1-9A23-0585F4010215}.Release|x64.Build.0 = Release|Any CPU
		{841E1789-4DCF-4FC1-9A23-0585F4010215}.Release|x86.ActiveCfg = Release|Any CPU
		{841E1789-4DCF-4FC1-9A23-0585F4010215}.Release|x86.Build.0 = Release|Any CPU
		{EE71D03A-E385-4C5A-8729-EA0A8E949CE2}.Debug|Any CPU.ActiveCfg = Debug|Any CPU
		{EE71D03A-E385-4C5A-8729-EA0A8E949CE2}.Debug|Any CPU.Build.0 = Debug|Any CPU
		{EE71D03A-E385-4C5A-8729-EA0A8E949CE2}.Debug|x64.ActiveCfg = Debug|Any CPU
		{EE71D03A-E385-4C5A-8729-EA0A8E949CE2}.Debug|x64.Build.0 = Debug|Any CPU
		{EE71D03A-E385-4C5A-8729-EA0A8E949CE2}.Debug|x86.ActiveCfg = Debug|Any CPU
		{EE71D03A-E385-4C5A-8729-EA0A8E949CE2}.Debug|x86.Build.0 = Debug|Any CPU
		{EE71D03A-E385-4C5A-8729-EA0A8E949CE2}.Release|Any CPU.ActiveCfg = Release|Any CPU
		{EE71D03A-E385-4C5A-8729-EA0A8E949CE2}.Release|Any CPU.Build.0 = Release|Any CPU
		{EE71D03A-E385-4C5A-8729-EA0A8E949CE2}.Release|x64.ActiveCfg = Release|Any CPU
		{EE71D03A-E385-4C5A-8729-EA0A8E949CE2}.Release|x64.Build.0 = Release|Any CPU
		{EE71D03A-E385-4C5A-8729-EA0A8E949CE2}.Release|x86.ActiveCfg = Release|Any CPU
		{EE71D03A-E385-4C5A-8729-EA0A8E949CE2}.Release|x86.Build.0 = Release|Any CPU
		{0182630C-1A41-457F-AA7A-74232E18E2BC}.Debug|Any CPU.ActiveCfg = Debug|Any CPU
		{0182630C-1A41-457F-AA7A-74232E18E2BC}.Debug|Any CPU.Build.0 = Debug|Any CPU
		{0182630C-1A41-457F-AA7A-74232E18E2BC}.Debug|x64.ActiveCfg = Debug|Any CPU
		{0182630C-1A41-457F-AA7A-74232E18E2BC}.Debug|x64.Build.0 = Debug|Any CPU
		{0182630C-1A41-457F-AA7A-74232E18E2BC}.Debug|x86.ActiveCfg = Debug|Any CPU
		{0182630C-1A41-457F-AA7A-74232E18E2BC}.Debug|x86.Build.0 = Debug|Any CPU
		{0182630C-1A41-457F-AA7A-74232E18E2BC}.Release|Any CPU.ActiveCfg = Release|Any CPU
		{0182630C-1A41-457F-AA7A-74232E18E2BC}.Release|Any CPU.Build.0 = Release|Any CPU
		{0182630C-1A41-457F-AA7A-74232E18E2BC}.Release|x64.ActiveCfg = Release|Any CPU
		{0182630C-1A41-457F-AA7A-74232E18E2BC}.Release|x64.Build.0 = Release|Any CPU
		{0182630C-1A41-457F-AA7A-74232E18E2BC}.Release|x86.ActiveCfg = Release|Any CPU
		{0182630C-1A41-457F-AA7A-74232E18E2BC}.Release|x86.Build.0 = Release|Any CPU
		{378B2EC7-2031-4D0D-9415-3CE13E03E909}.Debug|Any CPU.ActiveCfg = Debug|Any CPU
		{378B2EC7-2031-4D0D-9415-3CE13E03E909}.Debug|Any CPU.Build.0 = Debug|Any CPU
		{378B2EC7-2031-4D0D-9415-3CE13E03E909}.Debug|x64.ActiveCfg = Debug|Any CPU
		{378B2EC7-2031-4D0D-9415-3CE13E03E909}.Debug|x64.Build.0 = Debug|Any CPU
		{378B2EC7-2031-4D0D-9415-3CE13E03E909}.Debug|x86.ActiveCfg = Debug|Any CPU
		{378B2EC7-2031-4D0D-9415-3CE13E03E909}.Debug|x86.Build.0 = Debug|Any CPU
		{378B2EC7-2031-4D0D-9415-3CE13E03E909}.Release|Any CPU.ActiveCfg = Release|Any CPU
		{378B2EC7-2031-4D0D-9415-3CE13E03E909}.Release|Any CPU.Build.0 = Release|Any CPU
		{378B2EC7-2031-4D0D-9415-3CE13E03E909}.Release|x64.ActiveCfg = Release|Any CPU
		{378B2EC7-2031-4D0D-9415-3CE13E03E909}.Release|x64.Build.0 = Release|Any CPU
		{378B2EC7-2031-4D0D-9415-3CE13E03E909}.Release|x86.ActiveCfg = Release|Any CPU
		{378B2EC7-2031-4D0D-9415-3CE13E03E909}.Release|x86.Build.0 = Release|Any CPU
		{7B0867E9-510B-48AF-9353-016FD088C88C}.Debug|Any CPU.ActiveCfg = Debug|Any CPU
		{7B0867E9-510B-48AF-9353-016FD088C88C}.Debug|Any CPU.Build.0 = Debug|Any CPU
		{7B0867E9-510B-48AF-9353-016FD088C88C}.Debug|x64.ActiveCfg = Debug|Any CPU
		{7B0867E9-510B-48AF-9353-016FD088C88C}.Debug|x64.Build.0 = Debug|Any CPU
		{7B0867E9-510B-48AF-9353-016FD088C88C}.Debug|x86.ActiveCfg = Debug|Any CPU
		{7B0867E9-510B-48AF-9353-016FD088C88C}.Debug|x86.Build.0 = Debug|Any CPU
		{7B0867E9-510B-48AF-9353-016FD088C88C}.Release|Any CPU.ActiveCfg = Release|Any CPU
		{7B0867E9-510B-48AF-9353-016FD088C88C}.Release|Any CPU.Build.0 = Release|Any CPU
		{7B0867E9-510B-48AF-9353-016FD088C88C}.Release|x64.ActiveCfg = Release|Any CPU
		{7B0867E9-510B-48AF-9353-016FD088C88C}.Release|x64.Build.0 = Release|Any CPU
		{7B0867E9-510B-48AF-9353-016FD088C88C}.Release|x86.ActiveCfg = Release|Any CPU
		{7B0867E9-510B-48AF-9353-016FD088C88C}.Release|x86.Build.0 = Release|Any CPU
		{D8015E35-6239-45E0-A6B1-6896FC7728D5}.Debug|Any CPU.ActiveCfg = Debug|Any CPU
		{D8015E35-6239-45E0-A6B1-6896FC7728D5}.Debug|Any CPU.Build.0 = Debug|Any CPU
		{D8015E35-6239-45E0-A6B1-6896FC7728D5}.Debug|x64.ActiveCfg = Debug|Any CPU
		{D8015E35-6239-45E0-A6B1-6896FC7728D5}.Debug|x64.Build.0 = Debug|Any CPU
		{D8015E35-6239-45E0-A6B1-6896FC7728D5}.Debug|x86.ActiveCfg = Debug|Any CPU
		{D8015E35-6239-45E0-A6B1-6896FC7728D5}.Debug|x86.Build.0 = Debug|Any CPU
		{D8015E35-6239-45E0-A6B1-6896FC7728D5}.Release|Any CPU.ActiveCfg = Release|Any CPU
		{D8015E35-6239-45E0-A6B1-6896FC7728D5}.Release|Any CPU.Build.0 = Release|Any CPU
		{D8015E35-6239-45E0-A6B1-6896FC7728D5}.Release|x64.ActiveCfg = Release|Any CPU
		{D8015E35-6239-45E0-A6B1-6896FC7728D5}.Release|x64.Build.0 = Release|Any CPU
		{D8015E35-6239-45E0-A6B1-6896FC7728D5}.Release|x86.ActiveCfg = Release|Any CPU
		{D8015E35-6239-45E0-A6B1-6896FC7728D5}.Release|x86.Build.0 = Release|Any CPU
		{CA6374D7-7264-4EAC-9CE4-FD944A33E3C5}.Debug|Any CPU.ActiveCfg = Debug|Any CPU
		{CA6374D7-7264-4EAC-9CE4-FD944A33E3C5}.Debug|Any CPU.Build.0 = Debug|Any CPU
		{CA6374D7-7264-4EAC-9CE4-FD944A33E3C5}.Debug|x64.ActiveCfg = Debug|Any CPU
		{CA6374D7-7264-4EAC-9CE4-FD944A33E3C5}.Debug|x64.Build.0 = Debug|Any CPU
		{CA6374D7-7264-4EAC-9CE4-FD944A33E3C5}.Debug|x86.ActiveCfg = Debug|Any CPU
		{CA6374D7-7264-4EAC-9CE4-FD944A33E3C5}.Debug|x86.Build.0 = Debug|Any CPU
		{CA6374D7-7264-4EAC-9CE4-FD944A33E3C5}.Release|Any CPU.ActiveCfg = Release|Any CPU
		{CA6374D7-7264-4EAC-9CE4-FD944A33E3C5}.Release|Any CPU.Build.0 = Release|Any CPU
		{CA6374D7-7264-4EAC-9CE4-FD944A33E3C5}.Release|x64.ActiveCfg = Release|Any CPU
		{CA6374D7-7264-4EAC-9CE4-FD944A33E3C5}.Release|x64.Build.0 = Release|Any CPU
		{CA6374D7-7264-4EAC-9CE4-FD944A33E3C5}.Release|x86.ActiveCfg = Release|Any CPU
		{CA6374D7-7264-4EAC-9CE4-FD944A33E3C5}.Release|x86.Build.0 = Release|Any CPU
		{F1BBAD30-5833-4EF0-8D43-C3FAD2EBFC3B}.Debug|Any CPU.ActiveCfg = Debug|Any CPU
		{F1BBAD30-5833-4EF0-8D43-C3FAD2EBFC3B}.Debug|Any CPU.Build.0 = Debug|Any CPU
		{F1BBAD30-5833-4EF0-8D43-C3FAD2EBFC3B}.Debug|x64.ActiveCfg = Debug|Any CPU
		{F1BBAD30-5833-4EF0-8D43-C3FAD2EBFC3B}.Debug|x64.Build.0 = Debug|Any CPU
		{F1BBAD30-5833-4EF0-8D43-C3FAD2EBFC3B}.Debug|x86.ActiveCfg = Debug|Any CPU
		{F1BBAD30-5833-4EF0-8D43-C3FAD2EBFC3B}.Debug|x86.Build.0 = Debug|Any CPU
		{F1BBAD30-5833-4EF0-8D43-C3FAD2EBFC3B}.Release|Any CPU.ActiveCfg = Release|Any CPU
		{F1BBAD30-5833-4EF0-8D43-C3FAD2EBFC3B}.Release|Any CPU.Build.0 = Release|Any CPU
		{F1BBAD30-5833-4EF0-8D43-C3FAD2EBFC3B}.Release|x64.ActiveCfg = Release|Any CPU
		{F1BBAD30-5833-4EF0-8D43-C3FAD2EBFC3B}.Release|x64.Build.0 = Release|Any CPU
		{F1BBAD30-5833-4EF0-8D43-C3FAD2EBFC3B}.Release|x86.ActiveCfg = Release|Any CPU
		{F1BBAD30-5833-4EF0-8D43-C3FAD2EBFC3B}.Release|x86.Build.0 = Release|Any CPU
		{17946537-C81F-4339-8D21-46F8E910394E}.Debug|Any CPU.ActiveCfg = Debug|Any CPU
		{17946537-C81F-4339-8D21-46F8E910394E}.Debug|Any CPU.Build.0 = Debug|Any CPU
		{17946537-C81F-4339-8D21-46F8E910394E}.Debug|x64.ActiveCfg = Debug|Any CPU
		{17946537-C81F-4339-8D21-46F8E910394E}.Debug|x64.Build.0 = Debug|Any CPU
		{17946537-C81F-4339-8D21-46F8E910394E}.Debug|x86.ActiveCfg = Debug|Any CPU
		{17946537-C81F-4339-8D21-46F8E910394E}.Debug|x86.Build.0 = Debug|Any CPU
		{17946537-C81F-4339-8D21-46F8E910394E}.Release|Any CPU.ActiveCfg = Release|Any CPU
		{17946537-C81F-4339-8D21-46F8E910394E}.Release|Any CPU.Build.0 = Release|Any CPU
		{17946537-C81F-4339-8D21-46F8E910394E}.Release|x64.ActiveCfg = Release|Any CPU
		{17946537-C81F-4339-8D21-46F8E910394E}.Release|x64.Build.0 = Release|Any CPU
		{17946537-C81F-4339-8D21-46F8E910394E}.Release|x86.ActiveCfg = Release|Any CPU
		{17946537-C81F-4339-8D21-46F8E910394E}.Release|x86.Build.0 = Release|Any CPU
	EndGlobalSection
	GlobalSection(NestedProjects) = preSolution
		{C06A9277-9921-42BD-A5CB-4E2D703ECD28} = {002BF629-C5FA-471B-97C1-8B4FA3FF36B8}
		{76E0FE11-E99B-4D6C-AC76-2EDDD92D547A} = {C06A9277-9921-42BD-A5CB-4E2D703ECD28}
		{0C219E4E-037C-4B74-B2FE-1591B2A14996} = {C06A9277-9921-42BD-A5CB-4E2D703ECD28}
		{841E1789-4DCF-4FC1-9A23-0585F4010215} = {0C219E4E-037C-4B74-B2FE-1591B2A14996}
		{EE71D03A-E385-4C5A-8729-EA0A8E949CE2} = {0C219E4E-037C-4B74-B2FE-1591B2A14996}
		{0182630C-1A41-457F-AA7A-74232E18E2BC} = {0C219E4E-037C-4B74-B2FE-1591B2A14996}
		{378B2EC7-2031-4D0D-9415-3CE13E03E909} = {0C219E4E-037C-4B74-B2FE-1591B2A14996}
		{7B0867E9-510B-48AF-9353-016FD088C88C} = {0C219E4E-037C-4B74-B2FE-1591B2A14996}
		{D8015E35-6239-45E0-A6B1-6896FC7728D5} = {0C219E4E-037C-4B74-B2FE-1591B2A14996}
		{72E4DDEC-0CE0-4A9E-83D3-02DCECC5DEFC} = {C06A9277-9921-42BD-A5CB-4E2D703ECD28}
		{CA6374D7-7264-4EAC-9CE4-FD944A33E3C5} = {72E4DDEC-0CE0-4A9E-83D3-02DCECC5DEFC}
		{F1BBAD30-5833-4EF0-8D43-C3FAD2EBFC3B} = {72E4DDEC-0CE0-4A9E-83D3-02DCECC5DEFC}
		{17946537-C81F-4339-8D21-46F8E910394E} = {72E4DDEC-0CE0-4A9E-83D3-02DCECC5DEFC}
	EndGlobalSection
EndGlobal
