
Microsoft Visual Studio Solution File, Format Version 12.00
# Visual Studio Version 17
VisualStudioVersion = 17.5.002.0
MinimumVisualStudioVersion = 10.0.40219.1
Project("{2150E333-8FDC-42A3-9474-1A3956D46DE8}") = "src", "src", "{002BF629-C5FA-471B-97C1-8B4FA3FF36B8}"
EndProject
Project("{2150E333-8FDC-42A3-9474-1A3956D46DE8}") = "backend", "backend", "{C06A9277-9921-42BD-A5CB-4E2D703ECD28}"
EndProject
Project("{FAE04EC0-301F-11D3-BF4B-00C04F79EFBC}") = "base-service", "src\backend\base-service\base-service.csproj", "{578E0D3F-ADD2-42BF-A95A-202AD23C3EF6}"
EndProject
Project("{FAE04EC0-301F-11D3-BF4B-00C04F79EFBC}") = "decorator-service-2", "src\backend\decorator-service-2\decorator-service-2.csproj", "{22D0452C-72E1-4822-A4A5-15A228FFDAC3}"
EndProject
Project("{FAE04EC0-301F-11D3-BF4B-00C04F79EFBC}") = "decorator-service-1", "src\backend\decorator-service-1\decorator-service-1.csproj", "{E7A6F993-F8E4-4D0D-AA80-C487D28A1A60}"
EndProject
Project("{FAE04EC0-301F-11D3-BF4B-00C04F79EFBC}") = "decorator-service-3", "src\backend\decorator-service-3\decorator-service-3.csproj", "{E82DE163-D5F5-4CB3-841C-DDAA4BFA874F}"
EndProject
Project("{FAE04EC0-301F-11D3-BF4B-00C04F79EFBC}") = "gateway-service", "src\backend\gateway-service\gateway-service.csproj", "{B0297CF8-AD58-4744-BC37-C18037250BA8}"
EndProject
Project("{FAE04EC0-301F-11D3-BF4B-00C04F79EFBC}") = "decorator-service-4", "src\backend\decorator-service-4\decorator-service-4.csproj", "{3EF7CC7A-012F-447D-8E66-5F372678292D}"
EndProject
Project("{FAE04EC0-301F-11D3-BF4B-00C04F79EFBC}") = "Shared", "src\backend\shared\Shared.csproj", "{76E0FE11-E99B-4D6C-AC76-2EDDD92D547A}"
EndProject
Global
	GlobalSection(SolutionProperties) = preSolution
		HideSolutionNode = FALSE
	EndGlobalSection
	GlobalSection(ExtensibilityGlobals) = postSolution
		SolutionGuid = {E0C5D5B1-1D90-4693-8B0A-48FAB4F737B8}
	EndGlobalSection
	GlobalSection(SolutionConfigurationPlatforms) = preSolution
		Debug|Any CPU = Debug|Any CPU
		Debug|x64 = Debug|x64
		Debug|x86 = Debug|x86
		Release|Any CPU = Release|Any CPU
		Release|x64 = Release|x64
		Release|x86 = Release|x86
	EndGlobalSection
	GlobalSection(ProjectConfigurationPlatforms) = postSolution
		{578E0D3F-ADD2-42BF-A95A-202AD23C3EF6}.Debug|Any CPU.ActiveCfg = Debug|Any CPU
		{578E0D3F-ADD2-42BF-A95A-202AD23C3EF6}.Debug|Any CPU.Build.0 = Debug|Any CPU
		{578E0D3F-ADD2-42BF-A95A-202AD23C3EF6}.Debug|x64.ActiveCfg = Debug|Any CPU
		{578E0D3F-ADD2-42BF-A95A-202AD23C3EF6}.Debug|x64.Build.0 = Debug|Any CPU
		{578E0D3F-ADD2-42BF-A95A-202AD23C3EF6}.Debug|x86.ActiveCfg = Debug|Any CPU
		{578E0D3F-ADD2-42BF-A95A-202AD23C3EF6}.Debug|x86.Build.0 = Debug|Any CPU
		{578E0D3F-ADD2-42BF-A95A-202AD23C3EF6}.Release|Any CPU.ActiveCfg = Release|Any CPU
		{578E0D3F-ADD2-42BF-A95A-202AD23C3EF6}.Release|Any CPU.Build.0 = Release|Any CPU
		{578E0D3F-ADD2-42BF-A95A-202AD23C3EF6}.Release|x64.ActiveCfg = Release|Any CPU
		{578E0D3F-ADD2-42BF-A95A-202AD23C3EF6}.Release|x64.Build.0 = Release|Any CPU
		{578E0D3F-ADD2-42BF-A95A-202AD23C3EF6}.Release|x86.ActiveCfg = Release|Any CPU
		{578E0D3F-ADD2-42BF-A95A-202AD23C3EF6}.Release|x86.Build.0 = Release|Any CPU
		{22D0452C-72E1-4822-A4A5-15A228FFDAC3}.Debug|Any CPU.ActiveCfg = Debug|Any CPU
		{22D0452C-72E1-4822-A4A5-15A228FFDAC3}.Debug|Any CPU.Build.0 = Debug|Any CPU
		{22D0452C-72E1-4822-A4A5-15A228FFDAC3}.Debug|x64.ActiveCfg = Debug|Any CPU
		{22D0452C-72E1-4822-A4A5-15A228FFDAC3}.Debug|x64.Build.0 = Debug|Any CPU
		{22D0452C-72E1-4822-A4A5-15A228FFDAC3}.Debug|x86.ActiveCfg = Debug|Any CPU
		{22D0452C-72E1-4822-A4A5-15A228FFDAC3}.Debug|x86.Build.0 = Debug|Any CPU
		{22D0452C-72E1-4822-A4A5-15A228FFDAC3}.Release|Any CPU.ActiveCfg = Release|Any CPU
		{22D0452C-72E1-4822-A4A5-15A228FFDAC3}.Release|Any CPU.Build.0 = Release|Any CPU
		{22D0452C-72E1-4822-A4A5-15A228FFDAC3}.Release|x64.ActiveCfg = Release|Any CPU
		{22D0452C-72E1-4822-A4A5-15A228FFDAC3}.Release|x64.Build.0 = Release|Any CPU
		{22D0452C-72E1-4822-A4A5-15A228FFDAC3}.Release|x86.ActiveCfg = Release|Any CPU
		{22D0452C-72E1-4822-A4A5-15A228FFDAC3}.Release|x86.Build.0 = Release|Any CPU
		{E7A6F993-F8E4-4D0D-AA80-C487D28A1A60}.Debug|Any CPU.ActiveCfg = Debug|Any CPU
		{E7A6F993-F8E4-4D0D-AA80-C487D28A1A60}.Debug|Any CPU.Build.0 = Debug|Any CPU
		{E7A6F993-F8E4-4D0D-AA80-C487D28A1A60}.Debug|x64.ActiveCfg = Debug|Any CPU
		{E7A6F993-F8E4-4D0D-AA80-C487D28A1A60}.Debug|x64.Build.0 = Debug|Any CPU
		{E7A6F993-F8E4-4D0D-AA80-C487D28A1A60}.Debug|x86.ActiveCfg = Debug|Any CPU
		{E7A6F993-F8E4-4D0D-AA80-C487D28A1A60}.Debug|x86.Build.0 = Debug|Any CPU
		{E7A6F993-F8E4-4D0D-AA80-C487D28A1A60}.Release|Any CPU.ActiveCfg = Release|Any CPU
		{E7A6F993-F8E4-4D0D-AA80-C487D28A1A60}.Release|Any CPU.Build.0 = Release|Any CPU
		{E7A6F993-F8E4-4D0D-AA80-C487D28A1A60}.Release|x64.ActiveCfg = Release|Any CPU
		{E7A6F993-F8E4-4D0D-AA80-C487D28A1A60}.Release|x64.Build.0 = Release|Any CPU
		{E7A6F993-F8E4-4D0D-AA80-C487D28A1A60}.Release|x86.ActiveCfg = Release|Any CPU
		{E7A6F993-F8E4-4D0D-AA80-C487D28A1A60}.Release|x86.Build.0 = Release|Any CPU
		{E82DE163-D5F5-4CB3-841C-DDAA4BFA874F}.Debug|Any CPU.ActiveCfg = Debug|Any CPU
		{E82DE163-D5F5-4CB3-841C-DDAA4BFA874F}.Debug|Any CPU.Build.0 = Debug|Any CPU
		{E82DE163-D5F5-4CB3-841C-DDAA4BFA874F}.Debug|x64.ActiveCfg = Debug|Any CPU
		{E82DE163-D5F5-4CB3-841C-DDAA4BFA874F}.Debug|x64.Build.0 = Debug|Any CPU
		{E82DE163-D5F5-4CB3-841C-DDAA4BFA874F}.Debug|x86.ActiveCfg = Debug|Any CPU
		{E82DE163-D5F5-4CB3-841C-DDAA4BFA874F}.Debug|x86.Build.0 = Debug|Any CPU
		{E82DE163-D5F5-4CB3-841C-DDAA4BFA874F}.Release|Any CPU.ActiveCfg = Release|Any CPU
		{E82DE163-D5F5-4CB3-841C-DDAA4BFA874F}.Release|Any CPU.Build.0 = Release|Any CPU
		{E82DE163-D5F5-4CB3-841C-DDAA4BFA874F}.Release|x64.ActiveCfg = Release|Any CPU
		{E82DE163-D5F5-4CB3-841C-DDAA4BFA874F}.Release|x64.Build.0 = Release|Any CPU
		{E82DE163-D5F5-4CB3-841C-DDAA4BFA874F}.Release|x86.ActiveCfg = Release|Any CPU
		{E82DE163-D5F5-4CB3-841C-DDAA4BFA874F}.Release|x86.Build.0 = Release|Any CPU
		{B0297CF8-AD58-4744-BC37-C18037250BA8}.Debug|Any CPU.ActiveCfg = Debug|Any CPU
		{B0297CF8-AD58-4744-BC37-C18037250BA8}.Debug|Any CPU.Build.0 = Debug|Any CPU
		{B0297CF8-AD58-4744-BC37-C18037250BA8}.Debug|x64.ActiveCfg = Debug|Any CPU
		{B0297CF8-AD58-4744-BC37-C18037250BA8}.Debug|x64.Build.0 = Debug|Any CPU
		{B0297CF8-AD58-4744-BC37-C18037250BA8}.Debug|x86.ActiveCfg = Debug|Any CPU
		{B0297CF8-AD58-4744-BC37-C18037250BA8}.Debug|x86.Build.0 = Debug|Any CPU
		{B0297CF8-AD58-4744-BC37-C18037250BA8}.Release|Any CPU.ActiveCfg = Release|Any CPU
		{B0297CF8-AD58-4744-BC37-C18037250BA8}.Release|Any CPU.Build.0 = Release|Any CPU
		{B0297CF8-AD58-4744-BC37-C18037250BA8}.Release|x64.ActiveCfg = Release|Any CPU
		{B0297CF8-AD58-4744-BC37-C18037250BA8}.Release|x64.Build.0 = Release|Any CPU
		{B0297CF8-AD58-4744-BC37-C18037250BA8}.Release|x86.ActiveCfg = Release|Any CPU
		{B0297CF8-AD58-4744-BC37-C18037250BA8}.Release|x86.Build.0 = Release|Any CPU
		{3EF7CC7A-012F-447D-8E66-5F372678292D}.Debug|Any CPU.ActiveCfg = Debug|Any CPU
		{3EF7CC7A-012F-447D-8E66-5F372678292D}.Debug|Any CPU.Build.0 = Debug|Any CPU
		{3EF7CC7A-012F-447D-8E66-5F372678292D}.Debug|x64.ActiveCfg = Debug|Any CPU
		{3EF7CC7A-012F-447D-8E66-5F372678292D}.Debug|x64.Build.0 = Debug|Any CPU
		{3EF7CC7A-012F-447D-8E66-5F372678292D}.Debug|x86.ActiveCfg = Debug|Any CPU
		{3EF7CC7A-012F-447D-8E66-5F372678292D}.Debug|x86.Build.0 = Debug|Any CPU
		{3EF7CC7A-012F-447D-8E66-5F372678292D}.Release|Any CPU.ActiveCfg = Release|Any CPU
		{3EF7CC7A-012F-447D-8E66-5F372678292D}.Release|Any CPU.Build.0 = Release|Any CPU
		{3EF7CC7A-012F-447D-8E66-5F372678292D}.Release|x64.ActiveCfg = Release|Any CPU
		{3EF7CC7A-012F-447D-8E66-5F372678292D}.Release|x64.Build.0 = Release|Any CPU
		{3EF7CC7A-012F-447D-8E66-5F372678292D}.Release|x86.ActiveCfg = Release|Any CPU
		{3EF7CC7A-012F-447D-8E66-5F372678292D}.Release|x86.Build.0 = Release|Any CPU
		{76E0FE11-E99B-4D6C-AC76-2EDDD92D547A}.Debug|Any CPU.ActiveCfg = Debug|Any CPU
		{76E0FE11-E99B-4D6C-AC76-2EDDD92D547A}.Debug|Any CPU.Build.0 = Debug|Any CPU
		{76E0FE11-E99B-4D6C-AC76-2EDDD92D547A}.Debug|x64.ActiveCfg = Debug|Any CPU
		{76E0FE11-E99B-4D6C-AC76-2EDDD92D547A}.Debug|x64.Build.0 = Debug|Any CPU
		{76E0FE11-E99B-4D6C-AC76-2EDDD92D547A}.Debug|x86.ActiveCfg = Debug|Any CPU
		{76E0FE11-E99B-4D6C-AC76-2EDDD92D547A}.Debug|x86.Build.0 = Debug|Any CPU
		{76E0FE11-E99B-4D6C-AC76-2EDDD92D547A}.Release|Any CPU.ActiveCfg = Release|Any CPU
		{76E0FE11-E99B-4D6C-AC76-2EDDD92D547A}.Release|Any CPU.Build.0 = Release|Any CPU
		{76E0FE11-E99B-4D6C-AC76-2EDDD92D547A}.Release|x64.ActiveCfg = Release|Any CPU
		{76E0FE11-E99B-4D6C-AC76-2EDDD92D547A}.Release|x64.Build.0 = Release|Any CPU
		{76E0FE11-E99B-4D6C-AC76-2EDDD92D547A}.Release|x86.ActiveCfg = Release|Any CPU
		{76E0FE11-E99B-4D6C-AC76-2EDDD92D547A}.Release|x86.Build.0 = Release|Any CPU
	EndGlobalSection
	GlobalSection(NestedProjects) = preSolution
		{C06A9277-9921-42BD-A5CB-4E2D703ECD28} = {002BF629-C5FA-471B-97C1-8B4FA3FF36B8}
		{578E0D3F-ADD2-42BF-A95A-202AD23C3EF6} = {C06A9277-9921-42BD-A5CB-4E2D703ECD28}
		{22D0452C-72E1-4822-A4A5-15A228FFDAC3} = {C06A9277-9921-42BD-A5CB-4E2D703ECD28}
		{E7A6F993-F8E4-4D0D-AA80-C487D28A1A60} = {C06A9277-9921-42BD-A5CB-4E2D703ECD28}
		{E82DE163-D5F5-4CB3-841C-DDAA4BFA874F} = {C06A9277-9921-42BD-A5CB-4E2D703ECD28}
		{B0297CF8-AD58-4744-BC37-C18037250BA8} = {C06A9277-9921-42BD-A5CB-4E2D703ECD28}
		{3EF7CC7A-012F-447D-8E66-5F372678292D} = {C06A9277-9921-42BD-A5CB-4E2D703ECD28}
		{76E0FE11-E99B-4D6C-AC76-2EDDD92D547A} = {C06A9277-9921-42BD-A5CB-4E2D703ECD28}
	EndGlobalSection
EndGlobal
